
Microsoft Visual Studio Solution File, Format Version 12.00
# Visual Studio 15
VisualStudioVersion = 15.0.27428.2015
MinimumVisualStudioVersion = 10.0.40219.1
Project("{9A19103F-16F7-4668-BE54-9A1E7A4F7556}") = "ADS", "ADS\ADS.csproj", "{7DF76326-8CA8-4225-8FC2-7337F379ADF3}"
EndProject
Global
	GlobalSection(SolutionConfigurationPlatforms) = preSolution
		Debug|Any CPU = Debug|Any CPU
		Release|Any CPU = Release|Any CPU
	EndGlobalSection
	GlobalSection(ProjectConfigurationPlatforms) = postSolution
		{7DF76326-8CA8-4225-8FC2-7337F379ADF3}.Debug|Any CPU.ActiveCfg = Debug|Any CPU
		{7DF76326-8CA8-4225-8FC2-7337F379ADF3}.Debug|Any CPU.Build.0 = Debug|Any CPU
		{7DF76326-8CA8-4225-8FC2-7337F379ADF3}.Release|Any CPU.ActiveCfg = Release|Any CPU
		{7DF76326-8CA8-4225-8FC2-7337F379ADF3}.Release|Any CPU.Build.0 = Release|Any CPU
	EndGlobalSection
	GlobalSection(SolutionProperties) = preSolution
		HideSolutionNode = FALSE
	EndGlobalSection
	GlobalSection(ExtensibilityGlobals) = postSolution
		SolutionGuid = {5F29DFCB-1377-4929-88F3-13E97A3AE476}
	EndGlobalSection
EndGlobal
